<?xml version="1.0" encoding="utf-8"?>
<Project ToolsVersion="4.0" xmlns="http://schemas.microsoft.com/developer/msbuild/2003">
  <ItemGroup>
    <Filter Include="01.Main">
      <UniqueIdentifier>{cfb0f398-3f55-4f0d-979c-058ddafd2621}</UniqueIdentifier>
    </Filter>
    <Filter Include="99.Headers">
      <UniqueIdentifier>{9742c011-c5a8-4463-873b-f50aebd20b17}</UniqueIdentifier>
    </Filter>
    <Filter Include="Resource">
      <UniqueIdentifier>{67DA6AB6-F800-4c08-8B7A-83BB121AAD01}</UniqueIdentifier>
      <Extensions>rc;ico;cur;bmp;dlg;rc2;rct;bin;rgs;gif;jpg;jpeg;jpe;resx;tiff;tif;png;wav;mfcribbon-ms</Extensions>
    </Filter>
    <Filter Include="98.Shader">
      <UniqueIdentifier>{41f3dd32-a62c-4c3a-bbbd-353b490d5cd0}</UniqueIdentifier>
    </Filter>
    <Filter Include="00.Engine">
      <UniqueIdentifier>{5114c233-5717-40c1-8f7d-8777a4f2598b}</UniqueIdentifier>
    </Filter>
    <Filter Include="00.Engine\Pipline">
      <UniqueIdentifier>{ad413e91-47e2-4046-8006-335f848161f8}</UniqueIdentifier>
    </Filter>
    <Filter Include="00.Engine\Pipline\00.Geometry">
      <UniqueIdentifier>{4d2e4e60-200c-40e6-9b35-f63602094e61}</UniqueIdentifier>
    </Filter>
    <Filter Include="00.Engine\Pipline\01.InputAssembler">
      <UniqueIdentifier>{b33ff93a-f149-4aa6-8bae-ce87a342fbd4}</UniqueIdentifier>
    </Filter>
    <Filter Include="00.Engine\Pipline\02.VertexShader">
      <UniqueIdentifier>{eaba1d30-2154-4506-bccd-497aedc63235}</UniqueIdentifier>
    </Filter>
    <Filter Include="00.Engine\Pipline\03.Rasterizer">
      <UniqueIdentifier>{66b4ba85-e79d-4d8b-a2bf-ac027ad4e547}</UniqueIdentifier>
    </Filter>
    <Filter Include="00.Engine\Pipline\04.PixelShader">
      <UniqueIdentifier>{2a269274-2bbe-483b-b133-42bafa5761c3}</UniqueIdentifier>
    </Filter>
    <Filter Include="00.Engine\Pipline\05.OutputMerger">
      <UniqueIdentifier>{e19dd9bc-b580-4a6f-a77e-cd37ee640bc6}</UniqueIdentifier>
    </Filter>
    <Filter Include="00.Engine\GameObject">
      <UniqueIdentifier>{477f373d-1320-44bb-ab66-7b3d63d06153}</UniqueIdentifier>
    </Filter>
    <Filter Include="00.Engine\Component">
      <UniqueIdentifier>{bf258000-0af8-4edb-bf5e-639d5443d0cd}</UniqueIdentifier>
    </Filter>
  </ItemGroup>
  <ItemGroup>
    <ClInclude Include="framework.h">
      <Filter>99.Headers</Filter>
    </ClInclude>
    <ClInclude Include="Resource.h">
      <Filter>99.Headers</Filter>
    </ClInclude>
    <ClInclude Include="targetver.h">
      <Filter>99.Headers</Filter>
    </ClInclude>
    <ClInclude Include="pch.h">
      <Filter>99.Headers</Filter>
    </ClInclude>
    <ClInclude Include="Struct.h">
      <Filter>99.Headers</Filter>
    </ClInclude>
    <ClInclude Include="Types.h">
      <Filter>99.Headers</Filter>
    </ClInclude>
    <ClInclude Include="Values.h">
      <Filter>99.Headers</Filter>
    </ClInclude>
    <ClInclude Include="DxGame.h">
      <Filter>01.Main</Filter>
    </ClInclude>
    <ClInclude Include="Game.h">
      <Filter>01.Main</Filter>
    </ClInclude>
    <ClInclude Include="SimpleMath.h">
      <Filter>99.Headers</Filter>
    </ClInclude>
    <ClInclude Include="Graphics.h">
      <Filter>00.Engine\Pipline</Filter>
    </ClInclude>
    <ClInclude Include="VertexBuffer.h">
      <Filter>00.Engine\Pipline\01.InputAssembler</Filter>
    </ClInclude>
    <ClInclude Include="IndexBuffer.h">
      <Filter>00.Engine\Pipline\01.InputAssembler</Filter>
    </ClInclude>
    <ClInclude Include="InputLayout.h">
      <Filter>00.Engine\Pipline\01.InputAssembler</Filter>
    </ClInclude>
    <ClInclude Include="Geometry.h">
      <Filter>00.Engine\Pipline\00.Geometry</Filter>
    </ClInclude>
    <ClInclude Include="GeometryHelper.h">
      <Filter>00.Engine\Pipline\00.Geometry</Filter>
    </ClInclude>
    <ClInclude Include="VertexData.h">
      <Filter>00.Engine\Pipline\00.Geometry</Filter>
    </ClInclude>
    <ClInclude Include="Shader.h">
      <Filter>00.Engine\Pipline\02.VertexShader</Filter>
    </ClInclude>
    <ClInclude Include="ConstantBuffer.h">
      <Filter>00.Engine\Pipline\02.VertexShader</Filter>
    </ClInclude>
    <ClInclude Include="Texture.h">
      <Filter>00.Engine\Pipline\04.PixelShader</Filter>
    </ClInclude>
    <ClInclude Include="RasterizerState.h">
      <Filter>00.Engine\Pipline\03.Rasterizer</Filter>
    </ClInclude>
    <ClInclude Include="SamplerState.h">
      <Filter>00.Engine\Pipline\04.PixelShader</Filter>
    </ClInclude>
    <ClInclude Include="BlendState.h">
      <Filter>00.Engine\Pipline\05.OutputMerger</Filter>
    </ClInclude>
    <ClInclude Include="Pipeline.h">
      <Filter>00.Engine\Pipline</Filter>
    </ClInclude>
    <ClInclude Include="GameObject.h">
      <Filter>00.Engine\GameObject</Filter>
    </ClInclude>
    <ClInclude Include="Component.h">
      <Filter>00.Engine\Component</Filter>
    </ClInclude>
    <ClInclude Include="Transform.h">
      <Filter>00.Engine\Component</Filter>
    </ClInclude>
  </ItemGroup>
  <ItemGroup>
    <ResourceCompile Include="DxGame.rc">
      <Filter>Resource</Filter>
    </ResourceCompile>
  </ItemGroup>
  <ItemGroup>
    <Image Include="small.ico">
      <Filter>Resource</Filter>
    </Image>
    <Image Include="DxGame.ico">
      <Filter>Resource</Filter>
    </Image>
  </ItemGroup>
  <ItemGroup>
    <ClCompile Include="DxGame.cpp">
      <Filter>01.Main</Filter>
    </ClCompile>
    <ClCompile Include="pch.cpp">
      <Filter>99.Headers</Filter>
    </ClCompile>
    <ClCompile Include="Game.cpp">
      <Filter>01.Main</Filter>
    </ClCompile>
    <ClCompile Include="SimpleMath.cpp">
      <Filter>99.Headers</Filter>
    </ClCompile>
    <ClCompile Include="Graphics.cpp">
      <Filter>00.Engine\Pipline</Filter>
    </ClCompile>
    <ClCompile Include="VertexBuffer.cpp">
      <Filter>00.Engine\Pipline\01.InputAssembler</Filter>
    </ClCompile>
    <ClCompile Include="IndexBuffer.cpp">
      <Filter>00.Engine\Pipline\01.InputAssembler</Filter>
    </ClCompile>
    <ClCompile Include="InputLayout.cpp">
      <Filter>00.Engine\Pipline\01.InputAssembler</Filter>
    </ClCompile>
    <ClCompile Include="Geometry.cpp">
      <Filter>00.Engine\Pipline\00.Geometry</Filter>
    </ClCompile>
    <ClCompile Include="GeometryHelper.cpp">
      <Filter>00.Engine\Pipline\00.Geometry</Filter>
    </ClCompile>
    <ClCompile Include="VertexData.cpp">
      <Filter>00.Engine\Pipline\00.Geometry</Filter>
    </ClCompile>
    <ClCompile Include="Shader.cpp">
      <Filter>00.Engine\Pipline\02.VertexShader</Filter>
    </ClCompile>
    <ClCompile Include="ConstantBuffer.cpp">
      <Filter>00.Engine\Pipline\02.VertexShader</Filter>
    </ClCompile>
    <ClCompile Include="Texture.cpp">
      <Filter>00.Engine\Pipline\04.PixelShader</Filter>
    </ClCompile>
    <ClCompile Include="RasterizerState.cpp">
      <Filter>00.Engine\Pipline\03.Rasterizer</Filter>
    </ClCompile>
    <ClCompile Include="SamplerState.cpp">
      <Filter>00.Engine\Pipline\04.PixelShader</Filter>
    </ClCompile>
    <ClCompile Include="BlendState.cpp">
      <Filter>00.Engine\Pipline\05.OutputMerger</Filter>
    </ClCompile>
    <ClCompile Include="Pipeline.cpp">
      <Filter>00.Engine\Pipline</Filter>
    </ClCompile>
    <ClCompile Include="GameObject.cpp">
      <Filter>00.Engine\GameObject</Filter>
    </ClCompile>
    <ClCompile Include="Component.cpp">
      <Filter>00.Engine\Component</Filter>
    </ClCompile>
    <ClCompile Include="Transform.cpp">
      <Filter>00.Engine\Component</Filter>
    </ClCompile>
  </ItemGroup>
  <ItemGroup>
    <FxCompile Include="Default.hlsl">
      <Filter>98.Shader</Filter>
    </FxCompile>
    <FxCompile Include="Color.hlsl">
      <Filter>98.Shader</Filter>
    </FxCompile>
  </ItemGroup>
  <ItemGroup>
    <None Include="SimpleMath.inl">
      <Filter>99.Headers</Filter>
    </None>
  </ItemGroup>
</Project>